{
  "requires": true,
  "lockfileVersion": 1,
  "dependencies": {
    "domurl": {
      "version": "2.1.9",
      "resolved": "https://registry.npmjs.org/domurl/-/domurl-2.1.9.tgz",
      "integrity": "sha512-bdHUY7ITkZjRUmagRQEwM1G1ktJMl8AOSDbbsR04cYM0aPo6clYcdH/PbrgXlghx4kzDFSPNIIdsrKpcFlFLVg=="
    }
  }
}
